
Microsoft Visual Studio Solution File, Format Version 12.00
# Visual Studio Version 16
VisualStudioVersion = 16.0.29709.97
MinimumVisualStudioVersion = 10.0.40219.1
Project("{9A19103F-16F7-4668-BE54-9A1E7A4F7556}") = "Exomia.Framework", "src\Exomia.Framework\Exomia.Framework.csproj", "{2311CF3A-095C-49B0-BBEA-FC3892E9134E}"
EndProject
Project("{9A19103F-16F7-4668-BE54-9A1E7A4F7556}") = "Exomia.Framework.Example", "examples\Exomia.Framework.Example\Exomia.Framework.Example.csproj", "{C673179F-457C-4AE9-B61E-0481343E8A35}"
EndProject
Project("{9A19103F-16F7-4668-BE54-9A1E7A4F7556}") = "Exomia.Framework.ContentManager", "tools\Exomia.Framework.ContentManager\Exomia.Framework.ContentManager.csproj", "{245257B7-CD93-40BA-8E10-DF23DBB32FB8}"
EndProject
Project("{2150E333-8FDC-42A3-9474-1A3956D46DE8}") = "tools", "tools", "{C900162B-CB2F-4112-98D2-2DA9D947B7C5}"
EndProject
Project("{2150E333-8FDC-42A3-9474-1A3956D46DE8}") = "examples", "examples", "{9D20989E-7C37-42F4-AE05-19CED958EA7A}"
EndProject
Project("{2150E333-8FDC-42A3-9474-1A3956D46DE8}") = "tests", "tests", "{65A2B0A0-B984-4A33-AFA5-A5E70862A10A}"
EndProject
Project("{9A19103F-16F7-4668-BE54-9A1E7A4F7556}") = "Exomia.Framework.Tests", "tests\L0\Exomia.Framework.Tests\Exomia.Framework.Tests.csproj", "{E86DC9EB-8FC0-4C5D-95F2-206C67A069C2}"
EndProject
Project("{2150E333-8FDC-42A3-9474-1A3956D46DE8}") = "Solution Items", "Solution Items", "{1E7C4F0A-7153-45B0-9839-D2555568FFD2}"
	ProjectSection(SolutionItems) = preProject
		.editorconfig = .editorconfig
	EndProjectSection
EndProject
Project("{9A19103F-16F7-4668-BE54-9A1E7A4F7556}") = "Exomia.Framework.Example.JumpAndRun", "examples\Exomia.Framework.Example.JumpAndRun\Exomia.Framework.Example.JumpAndRun.csproj", "{22EC1807-99FD-4EC1-8A86-9553CD743498}"
EndProject
Project("{9A19103F-16F7-4668-BE54-9A1E7A4F7556}") = "Exomia.Framework.BasicSetup", "examples\Exomia.Framework.BasicSetup\Exomia.Framework.BasicSetup.csproj", "{8329DE95-55FA-4176-91BF-BBC793B9EBE2}"
EndProject
Project("{9A19103F-16F7-4668-BE54-9A1E7A4F7556}") = "Exomia.Framework.Example.Canvas", "examples\Exomia.Framework.Example.Canvas\Exomia.Framework.Example.Canvas.csproj", "{BEB473A8-DF7F-4402-97C2-0344308EE17F}"
EndProject
Global
	GlobalSection(SolutionConfigurationPlatforms) = preSolution
		Linux-Debug|Any CPU = Linux-Debug|Any CPU
		Linux-Debug|x64 = Linux-Debug|x64
		Linux-Debug|x86 = Linux-Debug|x86
		Linux-Release|Any CPU = Linux-Release|Any CPU
		Linux-Release|x64 = Linux-Release|x64
		Linux-Release|x86 = Linux-Release|x86
		Windows-Debug|Any CPU = Windows-Debug|Any CPU
		Windows-Debug|x64 = Windows-Debug|x64
		Windows-Debug|x86 = Windows-Debug|x86
		Windows-Release|Any CPU = Windows-Release|Any CPU
		Windows-Release|x64 = Windows-Release|x64
		Windows-Release|x86 = Windows-Release|x86
	EndGlobalSection
	GlobalSection(ProjectConfigurationPlatforms) = postSolution
		{2311CF3A-095C-49B0-BBEA-FC3892E9134E}.Linux-Debug|Any CPU.ActiveCfg = Linux-Debug|Any CPU
		{2311CF3A-095C-49B0-BBEA-FC3892E9134E}.Linux-Debug|Any CPU.Build.0 = Linux-Debug|Any CPU
		{2311CF3A-095C-49B0-BBEA-FC3892E9134E}.Linux-Debug|x64.ActiveCfg = Linux-Debug|x64
		{2311CF3A-095C-49B0-BBEA-FC3892E9134E}.Linux-Debug|x64.Build.0 = Linux-Debug|x64
		{2311CF3A-095C-49B0-BBEA-FC3892E9134E}.Linux-Debug|x86.ActiveCfg = Linux-Debug|x86
		{2311CF3A-095C-49B0-BBEA-FC3892E9134E}.Linux-Debug|x86.Build.0 = Linux-Debug|x86
		{2311CF3A-095C-49B0-BBEA-FC3892E9134E}.Linux-Release|Any CPU.ActiveCfg = Linux-Release|Any CPU
		{2311CF3A-095C-49B0-BBEA-FC3892E9134E}.Linux-Release|Any CPU.Build.0 = Linux-Release|Any CPU
		{2311CF3A-095C-49B0-BBEA-FC3892E9134E}.Linux-Release|x64.ActiveCfg = Linux-Release|x64
		{2311CF3A-095C-49B0-BBEA-FC3892E9134E}.Linux-Release|x64.Build.0 = Linux-Release|x64
		{2311CF3A-095C-49B0-BBEA-FC3892E9134E}.Linux-Release|x86.ActiveCfg = Linux-Release|x86
		{2311CF3A-095C-49B0-BBEA-FC3892E9134E}.Linux-Release|x86.Build.0 = Linux-Release|x86
		{2311CF3A-095C-49B0-BBEA-FC3892E9134E}.Windows-Debug|Any CPU.ActiveCfg = Windows-Debug|Any CPU
		{2311CF3A-095C-49B0-BBEA-FC3892E9134E}.Windows-Debug|Any CPU.Build.0 = Windows-Debug|Any CPU
		{2311CF3A-095C-49B0-BBEA-FC3892E9134E}.Windows-Debug|x64.ActiveCfg = Windows-Debug|x64
		{2311CF3A-095C-49B0-BBEA-FC3892E9134E}.Windows-Debug|x64.Build.0 = Windows-Debug|x64
		{2311CF3A-095C-49B0-BBEA-FC3892E9134E}.Windows-Debug|x86.ActiveCfg = Windows-Debug|x86
		{2311CF3A-095C-49B0-BBEA-FC3892E9134E}.Windows-Debug|x86.Build.0 = Windows-Debug|x86
		{2311CF3A-095C-49B0-BBEA-FC3892E9134E}.Windows-Release|Any CPU.ActiveCfg = Windows-Release|Any CPU
		{2311CF3A-095C-49B0-BBEA-FC3892E9134E}.Windows-Release|Any CPU.Build.0 = Windows-Release|Any CPU
		{2311CF3A-095C-49B0-BBEA-FC3892E9134E}.Windows-Release|x64.ActiveCfg = Windows-Release|x64
		{2311CF3A-095C-49B0-BBEA-FC3892E9134E}.Windows-Release|x64.Build.0 = Windows-Release|x64
		{2311CF3A-095C-49B0-BBEA-FC3892E9134E}.Windows-Release|x86.ActiveCfg = Windows-Release|x86
		{2311CF3A-095C-49B0-BBEA-FC3892E9134E}.Windows-Release|x86.Build.0 = Windows-Release|x86
		{C673179F-457C-4AE9-B61E-0481343E8A35}.Linux-Debug|Any CPU.ActiveCfg = Debug|Any CPU
		{C673179F-457C-4AE9-B61E-0481343E8A35}.Linux-Debug|Any CPU.Build.0 = Debug|Any CPU
		{C673179F-457C-4AE9-B61E-0481343E8A35}.Linux-Debug|x64.ActiveCfg = Debug|x64
		{C673179F-457C-4AE9-B61E-0481343E8A35}.Linux-Debug|x64.Build.0 = Debug|x64
		{C673179F-457C-4AE9-B61E-0481343E8A35}.Linux-Debug|x86.ActiveCfg = Linux-Debug|x86
		{C673179F-457C-4AE9-B61E-0481343E8A35}.Linux-Debug|x86.Build.0 = Linux-Debug|x86
		{C673179F-457C-4AE9-B61E-0481343E8A35}.Linux-Release|Any CPU.ActiveCfg = Debug|Any CPU
		{C673179F-457C-4AE9-B61E-0481343E8A35}.Linux-Release|Any CPU.Build.0 = Debug|Any CPU
		{C673179F-457C-4AE9-B61E-0481343E8A35}.Linux-Release|x64.ActiveCfg = Linux-Release|x64
		{C673179F-457C-4AE9-B61E-0481343E8A35}.Linux-Release|x64.Build.0 = Linux-Release|x64
		{C673179F-457C-4AE9-B61E-0481343E8A35}.Linux-Release|x86.ActiveCfg = Linux-Release|x86
		{C673179F-457C-4AE9-B61E-0481343E8A35}.Linux-Release|x86.Build.0 = Linux-Release|x86
		{C673179F-457C-4AE9-B61E-0481343E8A35}.Windows-Debug|Any CPU.ActiveCfg = Debug|Any CPU
		{C673179F-457C-4AE9-B61E-0481343E8A35}.Windows-Debug|Any CPU.Build.0 = Debug|Any CPU
		{C673179F-457C-4AE9-B61E-0481343E8A35}.Windows-Debug|x64.ActiveCfg = Windows-Debug|x64
		{C673179F-457C-4AE9-B61E-0481343E8A35}.Windows-Debug|x64.Build.0 = Windows-Debug|x64
		{C673179F-457C-4AE9-B61E-0481343E8A35}.Windows-Debug|x86.ActiveCfg = Windows-Debug|x86
		{C673179F-457C-4AE9-B61E-0481343E8A35}.Windows-Debug|x86.Build.0 = Windows-Debug|x86
		{C673179F-457C-4AE9-B61E-0481343E8A35}.Windows-Release|Any CPU.ActiveCfg = Debug|Any CPU
		{C673179F-457C-4AE9-B61E-0481343E8A35}.Windows-Release|Any CPU.Build.0 = Debug|Any CPU
		{C673179F-457C-4AE9-B61E-0481343E8A35}.Windows-Release|x64.ActiveCfg = Debug|x64
		{C673179F-457C-4AE9-B61E-0481343E8A35}.Windows-Release|x64.Build.0 = Debug|x64
		{C673179F-457C-4AE9-B61E-0481343E8A35}.Windows-Release|x86.ActiveCfg = Windows-Release|x86
		{C673179F-457C-4AE9-B61E-0481343E8A35}.Windows-Release|x86.Build.0 = Windows-Release|x86
		{245257B7-CD93-40BA-8E10-DF23DBB32FB8}.Linux-Debug|Any CPU.ActiveCfg = Debug|Any CPU
		{245257B7-CD93-40BA-8E10-DF23DBB32FB8}.Linux-Debug|Any CPU.Build.0 = Debug|Any CPU
		{245257B7-CD93-40BA-8E10-DF23DBB32FB8}.Linux-Debug|x64.ActiveCfg = Debug|x64
		{245257B7-CD93-40BA-8E10-DF23DBB32FB8}.Linux-Debug|x64.Build.0 = Debug|x64
		{245257B7-CD93-40BA-8E10-DF23DBB32FB8}.Linux-Debug|x86.ActiveCfg = Linux-Debug|x86
		{245257B7-CD93-40BA-8E10-DF23DBB32FB8}.Linux-Debug|x86.Build.0 = Linux-Debug|x86
		{245257B7-CD93-40BA-8E10-DF23DBB32FB8}.Linux-Release|Any CPU.ActiveCfg = Debug|Any CPU
		{245257B7-CD93-40BA-8E10-DF23DBB32FB8}.Linux-Release|Any CPU.Build.0 = Debug|Any CPU
		{245257B7-CD93-40BA-8E10-DF23DBB32FB8}.Linux-Release|x64.ActiveCfg = Linux-Release|x64
		{245257B7-CD93-40BA-8E10-DF23DBB32FB8}.Linux-Release|x64.Build.0 = Linux-Release|x64
		{245257B7-CD93-40BA-8E10-DF23DBB32FB8}.Linux-Release|x86.ActiveCfg = Linux-Release|x86
		{245257B7-CD93-40BA-8E10-DF23DBB32FB8}.Linux-Release|x86.Build.0 = Linux-Release|x86
		{245257B7-CD93-40BA-8E10-DF23DBB32FB8}.Windows-Debug|Any CPU.ActiveCfg = Debug|Any CPU
		{245257B7-CD93-40BA-8E10-DF23DBB32FB8}.Windows-Debug|Any CPU.Build.0 = Debug|Any CPU
		{245257B7-CD93-40BA-8E10-DF23DBB32FB8}.Windows-Debug|x64.ActiveCfg = Windows-Debug|x64
		{245257B7-CD93-40BA-8E10-DF23DBB32FB8}.Windows-Debug|x64.Build.0 = Windows-Debug|x64
		{245257B7-CD93-40BA-8E10-DF23DBB32FB8}.Windows-Debug|x86.ActiveCfg = Windows-Debug|x86
		{245257B7-CD93-40BA-8E10-DF23DBB32FB8}.Windows-Debug|x86.Build.0 = Windows-Debug|x86
		{245257B7-CD93-40BA-8E10-DF23DBB32FB8}.Windows-Release|Any CPU.ActiveCfg = Debug|Any CPU
		{245257B7-CD93-40BA-8E10-DF23DBB32FB8}.Windows-Release|Any CPU.Build.0 = Debug|Any CPU
		{245257B7-CD93-40BA-8E10-DF23DBB32FB8}.Windows-Release|x64.ActiveCfg = Debug|x64
		{245257B7-CD93-40BA-8E10-DF23DBB32FB8}.Windows-Release|x64.Build.0 = Debug|x64
		{245257B7-CD93-40BA-8E10-DF23DBB32FB8}.Windows-Release|x86.ActiveCfg = Windows-Release|x86
		{245257B7-CD93-40BA-8E10-DF23DBB32FB8}.Windows-Release|x86.Build.0 = Windows-Release|x86
		{E86DC9EB-8FC0-4C5D-95F2-206C67A069C2}.Linux-Debug|Any CPU.ActiveCfg = Debug|Any CPU
		{E86DC9EB-8FC0-4C5D-95F2-206C67A069C2}.Linux-Debug|Any CPU.Build.0 = Debug|Any CPU
		{E86DC9EB-8FC0-4C5D-95F2-206C67A069C2}.Linux-Debug|x64.ActiveCfg = Debug|Any CPU
		{E86DC9EB-8FC0-4C5D-95F2-206C67A069C2}.Linux-Debug|x64.Build.0 = Debug|Any CPU
		{E86DC9EB-8FC0-4C5D-95F2-206C67A069C2}.Linux-Debug|x86.ActiveCfg = Linux-Debug|x86
		{E86DC9EB-8FC0-4C5D-95F2-206C67A069C2}.Linux-Debug|x86.Build.0 = Linux-Debug|x86
		{E86DC9EB-8FC0-4C5D-95F2-206C67A069C2}.Linux-Release|Any CPU.ActiveCfg = Debug|Any CPU
		{E86DC9EB-8FC0-4C5D-95F2-206C67A069C2}.Linux-Release|Any CPU.Build.0 = Debug|Any CPU
		{E86DC9EB-8FC0-4C5D-95F2-206C67A069C2}.Linux-Release|x64.ActiveCfg = Linux-Release|x64
		{E86DC9EB-8FC0-4C5D-95F2-206C67A069C2}.Linux-Release|x64.Build.0 = Linux-Release|x64
		{E86DC9EB-8FC0-4C5D-95F2-206C67A069C2}.Linux-Release|x86.ActiveCfg = Linux-Release|x86
		{E86DC9EB-8FC0-4C5D-95F2-206C67A069C2}.Linux-Release|x86.Build.0 = Linux-Release|x86
		{E86DC9EB-8FC0-4C5D-95F2-206C67A069C2}.Windows-Debug|Any CPU.ActiveCfg = Debug|Any CPU
		{E86DC9EB-8FC0-4C5D-95F2-206C67A069C2}.Windows-Debug|Any CPU.Build.0 = Debug|Any CPU
		{E86DC9EB-8FC0-4C5D-95F2-206C67A069C2}.Windows-Debug|x64.ActiveCfg = Windows-Debug|x64
		{E86DC9EB-8FC0-4C5D-95F2-206C67A069C2}.Windows-Debug|x64.Build.0 = Windows-Debug|x64
		{E86DC9EB-8FC0-4C5D-95F2-206C67A069C2}.Windows-Debug|x86.ActiveCfg = Windows-Debug|x86
		{E86DC9EB-8FC0-4C5D-95F2-206C67A069C2}.Windows-Debug|x86.Build.0 = Windows-Debug|x86
		{E86DC9EB-8FC0-4C5D-95F2-206C67A069C2}.Windows-Release|Any CPU.ActiveCfg = Debug|Any CPU
		{E86DC9EB-8FC0-4C5D-95F2-206C67A069C2}.Windows-Release|Any CPU.Build.0 = Debug|Any CPU
		{E86DC9EB-8FC0-4C5D-95F2-206C67A069C2}.Windows-Release|x64.ActiveCfg = Debug|Any CPU
		{E86DC9EB-8FC0-4C5D-95F2-206C67A069C2}.Windows-Release|x64.Build.0 = Debug|Any CPU
		{E86DC9EB-8FC0-4C5D-95F2-206C67A069C2}.Windows-Release|x86.ActiveCfg = Windows-Release|x86
		{E86DC9EB-8FC0-4C5D-95F2-206C67A069C2}.Windows-Release|x86.Build.0 = Windows-Release|x86
		{22EC1807-99FD-4EC1-8A86-9553CD743498}.Linux-Debug|Any CPU.ActiveCfg = Debug|Any CPU
		{22EC1807-99FD-4EC1-8A86-9553CD743498}.Linux-Debug|Any CPU.Build.0 = Debug|Any CPU
		{22EC1807-99FD-4EC1-8A86-9553CD743498}.Linux-Debug|x64.ActiveCfg = Debug|Any CPU
		{22EC1807-99FD-4EC1-8A86-9553CD743498}.Linux-Debug|x64.Build.0 = Debug|Any CPU
		{22EC1807-99FD-4EC1-8A86-9553CD743498}.Linux-Debug|x86.ActiveCfg = Linux-Debug|x86
		{22EC1807-99FD-4EC1-8A86-9553CD743498}.Linux-Debug|x86.Build.0 = Linux-Debug|x86
		{22EC1807-99FD-4EC1-8A86-9553CD743498}.Linux-Release|Any CPU.ActiveCfg = Debug|Any CPU
		{22EC1807-99FD-4EC1-8A86-9553CD743498}.Linux-Release|Any CPU.Build.0 = Debug|Any CPU
		{22EC1807-99FD-4EC1-8A86-9553CD743498}.Linux-Release|x64.ActiveCfg = Linux-Release|x64
		{22EC1807-99FD-4EC1-8A86-9553CD743498}.Linux-Release|x64.Build.0 = Linux-Release|x64
		{22EC1807-99FD-4EC1-8A86-9553CD743498}.Linux-Release|x86.ActiveCfg = Linux-Release|x86
		{22EC1807-99FD-4EC1-8A86-9553CD743498}.Linux-Release|x86.Build.0 = Linux-Release|x86
		{22EC1807-99FD-4EC1-8A86-9553CD743498}.Windows-Debug|Any CPU.ActiveCfg = Debug|Any CPU
		{22EC1807-99FD-4EC1-8A86-9553CD743498}.Windows-Debug|Any CPU.Build.0 = Debug|Any CPU
		{22EC1807-99FD-4EC1-8A86-9553CD743498}.Windows-Debug|x64.ActiveCfg = Windows-Debug|x64
		{22EC1807-99FD-4EC1-8A86-9553CD743498}.Windows-Debug|x64.Build.0 = Windows-Debug|x64
		{22EC1807-99FD-4EC1-8A86-9553CD743498}.Windows-Debug|x86.ActiveCfg = Windows-Debug|x86
		{22EC1807-99FD-4EC1-8A86-9553CD743498}.Windows-Debug|x86.Build.0 = Windows-Debug|x86
		{22EC1807-99FD-4EC1-8A86-9553CD743498}.Windows-Release|Any CPU.ActiveCfg = Debug|Any CPU
		{22EC1807-99FD-4EC1-8A86-9553CD743498}.Windows-Release|Any CPU.Build.0 = Debug|Any CPU
		{22EC1807-99FD-4EC1-8A86-9553CD743498}.Windows-Release|x64.ActiveCfg = Debug|Any CPU
		{22EC1807-99FD-4EC1-8A86-9553CD743498}.Windows-Release|x64.Build.0 = Debug|Any CPU
		{22EC1807-99FD-4EC1-8A86-9553CD743498}.Windows-Release|x86.ActiveCfg = Windows-Release|x86
		{22EC1807-99FD-4EC1-8A86-9553CD743498}.Windows-Release|x86.Build.0 = Windows-Release|x86
		{8329DE95-55FA-4176-91BF-BBC793B9EBE2}.Linux-Debug|Any CPU.ActiveCfg = Debug|Any CPU
		{8329DE95-55FA-4176-91BF-BBC793B9EBE2}.Linux-Debug|Any CPU.Build.0 = Debug|Any CPU
		{8329DE95-55FA-4176-91BF-BBC793B9EBE2}.Linux-Debug|x64.ActiveCfg = Debug|x64
		{8329DE95-55FA-4176-91BF-BBC793B9EBE2}.Linux-Debug|x64.Build.0 = Debug|x64
		{8329DE95-55FA-4176-91BF-BBC793B9EBE2}.Linux-Debug|x86.ActiveCfg = Linux-Debug|x86
		{8329DE95-55FA-4176-91BF-BBC793B9EBE2}.Linux-Debug|x86.Build.0 = Linux-Debug|x86
		{8329DE95-55FA-4176-91BF-BBC793B9EBE2}.Linux-Release|Any CPU.ActiveCfg = Debug|Any CPU
		{8329DE95-55FA-4176-91BF-BBC793B9EBE2}.Linux-Release|Any CPU.Build.0 = Debug|Any CPU
		{8329DE95-55FA-4176-91BF-BBC793B9EBE2}.Linux-Release|x64.ActiveCfg = Linux-Release|x64
		{8329DE95-55FA-4176-91BF-BBC793B9EBE2}.Linux-Release|x64.Build.0 = Linux-Release|x64
		{8329DE95-55FA-4176-91BF-BBC793B9EBE2}.Linux-Release|x86.ActiveCfg = Linux-Release|x86
		{8329DE95-55FA-4176-91BF-BBC793B9EBE2}.Linux-Release|x86.Build.0 = Linux-Release|x86
		{8329DE95-55FA-4176-91BF-BBC793B9EBE2}.Windows-Debug|Any CPU.ActiveCfg = Debug|Any CPU
		{8329DE95-55FA-4176-91BF-BBC793B9EBE2}.Windows-Debug|Any CPU.Build.0 = Debug|Any CPU
		{8329DE95-55FA-4176-91BF-BBC793B9EBE2}.Windows-Debug|x64.ActiveCfg = Windows-Debug|x64
		{8329DE95-55FA-4176-91BF-BBC793B9EBE2}.Windows-Debug|x64.Build.0 = Windows-Debug|x64
		{8329DE95-55FA-4176-91BF-BBC793B9EBE2}.Windows-Debug|x86.ActiveCfg = Windows-Debug|x86
		{8329DE95-55FA-4176-91BF-BBC793B9EBE2}.Windows-Debug|x86.Build.0 = Windows-Debug|x86
		{8329DE95-55FA-4176-91BF-BBC793B9EBE2}.Windows-Release|Any CPU.ActiveCfg = Debug|Any CPU
		{8329DE95-55FA-4176-91BF-BBC793B9EBE2}.Windows-Release|Any CPU.Build.0 = Debug|Any CPU
		{8329DE95-55FA-4176-91BF-BBC793B9EBE2}.Windows-Release|x64.ActiveCfg = Debug|x64
		{8329DE95-55FA-4176-91BF-BBC793B9EBE2}.Windows-Release|x64.Build.0 = Debug|x64
		{8329DE95-55FA-4176-91BF-BBC793B9EBE2}.Windows-Release|x86.ActiveCfg = Windows-Release|x86
		{8329DE95-55FA-4176-91BF-BBC793B9EBE2}.Windows-Release|x86.Build.0 = Windows-Release|x86
		{BEB473A8-DF7F-4402-97C2-0344308EE17F}.Linux-Debug|Any CPU.ActiveCfg = Debug|Any CPU
		{BEB473A8-DF7F-4402-97C2-0344308EE17F}.Linux-Debug|Any CPU.Build.0 = Debug|Any CPU
		{BEB473A8-DF7F-4402-97C2-0344308EE17F}.Linux-Debug|x64.ActiveCfg = Debug|x64
		{BEB473A8-DF7F-4402-97C2-0344308EE17F}.Linux-Debug|x64.Build.0 = Debug|x64
		{BEB473A8-DF7F-4402-97C2-0344308EE17F}.Linux-Debug|x86.ActiveCfg = Linux-Debug|x86
		{BEB473A8-DF7F-4402-97C2-0344308EE17F}.Linux-Debug|x86.Build.0 = Linux-Debug|x86
		{BEB473A8-DF7F-4402-97C2-0344308EE17F}.Linux-Release|Any CPU.ActiveCfg = Debug|Any CPU
		{BEB473A8-DF7F-4402-97C2-0344308EE17F}.Linux-Release|Any CPU.Build.0 = Debug|Any CPU
		{BEB473A8-DF7F-4402-97C2-0344308EE17F}.Linux-Release|x64.ActiveCfg = Linux-Release|x64
		{BEB473A8-DF7F-4402-97C2-0344308EE17F}.Linux-Release|x64.Build.0 = Linux-Release|x64
		{BEB473A8-DF7F-4402-97C2-0344308EE17F}.Linux-Release|x86.ActiveCfg = Linux-Release|x86
		{BEB473A8-DF7F-4402-97C2-0344308EE17F}.Linux-Release|x86.Build.0 = Linux-Release|x86
		{BEB473A8-DF7F-4402-97C2-0344308EE17F}.Windows-Debug|Any CPU.ActiveCfg = Debug|Any CPU
		{BEB473A8-DF7F-4402-97C2-0344308EE17F}.Windows-Debug|Any CPU.Build.0 = Debug|Any CPU
		{BEB473A8-DF7F-4402-97C2-0344308EE17F}.Windows-Debug|x64.ActiveCfg = Windows-Debug|x64
		{BEB473A8-DF7F-4402-97C2-0344308EE17F}.Windows-Debug|x64.Build.0 = Windows-Debug|x64
		{BEB473A8-DF7F-4402-97C2-0344308EE17F}.Windows-Debug|x86.ActiveCfg = Windows-Debug|x86
		{BEB473A8-DF7F-4402-97C2-0344308EE17F}.Windows-Debug|x86.Build.0 = Windows-Debug|x86
		{BEB473A8-DF7F-4402-97C2-0344308EE17F}.Windows-Release|Any CPU.ActiveCfg = Debug|Any CPU
		{BEB473A8-DF7F-4402-97C2-0344308EE17F}.Windows-Release|Any CPU.Build.0 = Debug|Any CPU
		{BEB473A8-DF7F-4402-97C2-0344308EE17F}.Windows-Release|x64.ActiveCfg = Debug|x64
		{BEB473A8-DF7F-4402-97C2-0344308EE17F}.Windows-Release|x64.Build.0 = Debug|x64
		{BEB473A8-DF7F-4402-97C2-0344308EE17F}.Windows-Release|x86.ActiveCfg = Windows-Release|x86
		{BEB473A8-DF7F-4402-97C2-0344308EE17F}.Windows-Release|x86.Build.0 = Windows-Release|x86
	EndGlobalSection
	GlobalSection(SolutionProperties) = preSolution
		HideSolutionNode = FALSE
	EndGlobalSection
	GlobalSection(NestedProjects) = preSolution
		{C673179F-457C-4AE9-B61E-0481343E8A35} = {9D20989E-7C37-42F4-AE05-19CED958EA7A}
		{245257B7-CD93-40BA-8E10-DF23DBB32FB8} = {C900162B-CB2F-4112-98D2-2DA9D947B7C5}
		{E86DC9EB-8FC0-4C5D-95F2-206C67A069C2} = {65A2B0A0-B984-4A33-AFA5-A5E70862A10A}
		{22EC1807-99FD-4EC1-8A86-9553CD743498} = {9D20989E-7C37-42F4-AE05-19CED958EA7A}
		{8329DE95-55FA-4176-91BF-BBC793B9EBE2} = {9D20989E-7C37-42F4-AE05-19CED958EA7A}
		{BEB473A8-DF7F-4402-97C2-0344308EE17F} = {9D20989E-7C37-42F4-AE05-19CED958EA7A}
	EndGlobalSection
	GlobalSection(ExtensibilityGlobals) = postSolution
		SolutionGuid = {3E4E52C8-D1D4-488D-8700-A3E45E8968BE}
	EndGlobalSection
EndGlobal
